
Microsoft Visual Studio Solution File, Format Version 12.00
# Visual Studio 15
VisualStudioVersion = 15.0.26124.0
MinimumVisualStudioVersion = 15.0.26124.0
Project("{FAE04EC0-301F-11D3-BF4B-00C04F79EFBC}") = "wordscore", "wordscore\wordscore.csproj", "{A95CED5C-4FC8-4188-B2E9-5F7A7F7861B3}"
EndProject
Project("{FAE04EC0-301F-11D3-BF4B-00C04F79EFBC}") = "wordscore.test", "wordscore.test\wordscore.test.csproj", "{B9277F61-80F5-4FE6-954C-D502A2325D02}"
EndProject
Global
	GlobalSection(SolutionConfigurationPlatforms) = preSolution
		Debug|Any CPU = Debug|Any CPU
		Debug|x64 = Debug|x64
		Debug|x86 = Debug|x86
		Release|Any CPU = Release|Any CPU
		Release|x64 = Release|x64
		Release|x86 = Release|x86
	EndGlobalSection
	GlobalSection(SolutionProperties) = preSolution
		HideSolutionNode = FALSE
	EndGlobalSection
	GlobalSection(ProjectConfigurationPlatforms) = postSolution
		{A95CED5C-4FC8-4188-B2E9-5F7A7F7861B3}.Debug|Any CPU.ActiveCfg = Debug|Any CPU
		{A95CED5C-4FC8-4188-B2E9-5F7A7F7861B3}.Debug|Any CPU.Build.0 = Debug|Any CPU
		{A95CED5C-4FC8-4188-B2E9-5F7A7F7861B3}.Debug|x64.ActiveCfg = Debug|Any CPU
		{A95CED5C-4FC8-4188-B2E9-5F7A7F7861B3}.Debug|x64.Build.0 = Debug|Any CPU
		{A95CED5C-4FC8-4188-B2E9-5F7A7F7861B3}.Debug|x86.ActiveCfg = Debug|Any CPU
		{A95CED5C-4FC8-4188-B2E9-5F7A7F7861B3}.Debug|x86.Build.0 = Debug|Any CPU
		{A95CED5C-4FC8-4188-B2E9-5F7A7F7861B3}.Release|Any CPU.ActiveCfg = Release|Any CPU
		{A95CED5C-4FC8-4188-B2E9-5F7A7F7861B3}.Release|Any CPU.Build.0 = Release|Any CPU
		{A95CED5C-4FC8-4188-B2E9-5F7A7F7861B3}.Release|x64.ActiveCfg = Release|Any CPU
		{A95CED5C-4FC8-4188-B2E9-5F7A7F7861B3}.Release|x64.Build.0 = Release|Any CPU
		{A95CED5C-4FC8-4188-B2E9-5F7A7F7861B3}.Release|x86.ActiveCfg = Release|Any CPU
		{A95CED5C-4FC8-4188-B2E9-5F7A7F7861B3}.Release|x86.Build.0 = Release|Any CPU
		{B9277F61-80F5-4FE6-954C-D502A2325D02}.Debug|Any CPU.ActiveCfg = Debug|Any CPU
		{B9277F61-80F5-4FE6-954C-D502A2325D02}.Debug|Any CPU.Build.0 = Debug|Any CPU
		{B9277F61-80F5-4FE6-954C-D502A2325D02}.Debug|x64.ActiveCfg = Debug|Any CPU
		{B9277F61-80F5-4FE6-954C-D502A2325D02}.Debug|x64.Build.0 = Debug|Any CPU
		{B9277F61-80F5-4FE6-954C-D502A2325D02}.Debug|x86.ActiveCfg = Debug|Any CPU
		{B9277F61-80F5-4FE6-954C-D502A2325D02}.Debug|x86.Build.0 = Debug|Any CPU
		{B9277F61-80F5-4FE6-954C-D502A2325D02}.Release|Any CPU.ActiveCfg = Release|Any CPU
		{B9277F61-80F5-4FE6-954C-D502A2325D02}.Release|Any CPU.Build.0 = Release|Any CPU
		{B9277F61-80F5-4FE6-954C-D502A2325D02}.Release|x64.ActiveCfg = Release|Any CPU
		{B9277F61-80F5-4FE6-954C-D502A2325D02}.Release|x64.Build.0 = Release|Any CPU
		{B9277F61-80F5-4FE6-954C-D502A2325D02}.Release|x86.ActiveCfg = Release|Any CPU
		{B9277F61-80F5-4FE6-954C-D502A2325D02}.Release|x86.Build.0 = Release|Any CPU
	EndGlobalSection
EndGlobal
